<?xml version="1.0" encoding="utf-8"?>
<Project ToolsVersion="4.0" xmlns="http://schemas.microsoft.com/developer/msbuild/2003">
  <ItemGroup>
    <Filter Include="Source Files">
      <UniqueIdentifier>{4FC737F1-C7A5-4376-A066-2A32D752A2FF}</UniqueIdentifier>
      <Extensions>cpp;c;cc;cxx;def;odl;idl;hpj;bat;asm;asmx</Extensions>
    </Filter>
    <Filter Include="Header Files">
      <UniqueIdentifier>{93995380-89BD-4b04-88EB-625FBE52EBFB}</UniqueIdentifier>
      <Extensions>h;hh;hpp;hxx;hm;inl;inc;xsd</Extensions>
    </Filter>
    <Filter Include="Resource Files">
      <UniqueIdentifier>{67DA6AB6-F800-4c08-8B7A-83BB121AAD01}</UniqueIdentifier>
      <Extensions>rc;ico;cur;bmp;dlg;rc2;rct;bin;rgs;gif;jpg;jpeg;jpe;resx;tiff;tif;png;wav;mfcribbon-ms</Extensions>
    </Filter>
    <Filter Include="Header Files\Controllers">
      <UniqueIdentifier>{9504b7d5-2853-49ea-ba0b-8eabee77c656}</UniqueIdentifier>
    </Filter>
    <Filter Include="Source Files\Controllers">
      <UniqueIdentifier>{6280f4fe-0512-4565-94f9-66eca8996941}</UniqueIdentifier>
    </Filter>
    <Filter Include="Header Files\resources">
      <UniqueIdentifier>{f543489a-660f-436d-8d4d-31e09e5d9e5b}</UniqueIdentifier>
    </Filter>
    <Filter Include="Source Files\resources">
      <UniqueIdentifier>{eea9820a-f14c-4d87-9926-efc18a936de2}</UniqueIdentifier>
    </Filter>
    <Filter Include="Source Files\Entities">
      <UniqueIdentifier>{42abdd8c-0258-459c-9810-fa3318454f12}</UniqueIdentifier>
    </Filter>
    <Filter Include="Header Files\Entities">
      <UniqueIdentifier>{cb1d9b08-0c43-4533-849a-e3b6ec36c911}</UniqueIdentifier>
    </Filter>
    <Filter Include="Source Files\UI">
      <UniqueIdentifier>{edb022fb-ba58-4a1d-b4e9-7f44a5a2fef9}</UniqueIdentifier>
    </Filter>
    <Filter Include="Header Files\UI">
      <UniqueIdentifier>{d2bfce3b-fb66-4f63-95e5-f1df93e866e5}</UniqueIdentifier>
    </Filter>
  </ItemGroup>
  <ItemGroup>
    <ClCompile Include="Main.cpp">
      <Filter>Source Files</Filter>
    </ClCompile>
    <ClCompile Include="entityController.cpp">
      <Filter>Source Files\Controllers</Filter>
    </ClCompile>
    <ClCompile Include="counter.cpp">
      <Filter>Source Files\resources</Filter>
    </ClCompile>
    <ClCompile Include="initializer.cpp">
      <Filter>Source Files\resources</Filter>
    </ClCompile>
    <ClCompile Include="render.cpp">
      <Filter>Source Files\resources</Filter>
    </ClCompile>
    <ClCompile Include="resources.cpp">
      <Filter>Source Files\resources</Filter>
    </ClCompile>
    <ClCompile Include="entity.cpp">
      <Filter>Source Files\Entities</Filter>
    </ClCompile>
    <ClCompile Include="game.cpp">
      <Filter>Source Files\resources</Filter>
    </ClCompile>
    <ClCompile Include="imageService.cpp">
      <Filter>Source Files\resources</Filter>
    </ClCompile>
    <ClCompile Include="tester.cpp">
      <Filter>Source Files</Filter>
    </ClCompile>
    <ClCompile Include="eventController.cpp">
      <Filter>Source Files\Controllers</Filter>
    </ClCompile>
    <ClCompile Include="netController.cpp">
      <Filter>Source Files\Controllers</Filter>
    </ClCompile>
    <ClCompile Include="UIController.cpp">
      <Filter>Source Files\Controllers</Filter>
    </ClCompile>
  </ItemGroup>
  <ItemGroup>
    <ClInclude Include="entityController.h">
      <Filter>Header Files\Controllers</Filter>
    </ClInclude>
    <ClInclude Include="counter.h">
      <Filter>Header Files\resources</Filter>
    </ClInclude>
    <ClInclude Include="initializer.h">
      <Filter>Header Files\resources</Filter>
    </ClInclude>
    <ClInclude Include="render.h">
      <Filter>Header Files\resources</Filter>
    </ClInclude>
    <ClInclude Include="resources.h">
      <Filter>Header Files\resources</Filter>
    </ClInclude>
    <ClInclude Include="entity.h">
      <Filter>Header Files\Entities</Filter>
    </ClInclude>
    <ClInclude Include="game.h">
      <Filter>Header Files\resources</Filter>
    </ClInclude>
    <ClInclude Include="imageService.h">
      <Filter>Header Files\resources</Filter>
    </ClInclude>
    <ClInclude Include="tester.h">
      <Filter>Header Files</Filter>
    </ClInclude>
    <ClInclude Include="eventController.h">
      <Filter>Header Files\Controllers</Filter>
    </ClInclude>
    <ClInclude Include="netController.h">
      <Filter>Header Files\Controllers</Filter>
    </ClInclude>
    <ClInclude Include="UIController.h">
      <Filter>Header Files\Controllers</Filter>
    </ClInclude>
  </ItemGroup>
</Project>