<?xml version="1.0" encoding="utf-8"?>
<Project ToolsVersion="4.0" xmlns="http://schemas.microsoft.com/developer/msbuild/2003">
  <ItemGroup>
    <Filter Include="Source Files">
      <UniqueIdentifier>{4FC737F1-C7A5-4376-A066-2A32D752A2FF}</UniqueIdentifier>
      <Extensions>cpp;c;cc;cxx;def;odl;idl;hpj;bat;asm;asmx</Extensions>
    </Filter>
    <Filter Include="Header Files">
      <UniqueIdentifier>{93995380-89BD-4b04-88EB-625FBE52EBFB}</UniqueIdentifier>
      <Extensions>h;hh;hpp;hxx;hm;inl;inc;xsd</Extensions>
    </Filter>
    <Filter Include="Resource Files">
      <UniqueIdentifier>{67DA6AB6-F800-4c08-8B7A-83BB121AAD01}</UniqueIdentifier>
      <Extensions>rc;ico;cur;bmp;dlg;rc2;rct;bin;rgs;gif;jpg;jpeg;jpe;resx;tiff;tif;png;wav;mfcribbon-ms</Extensions>
    </Filter>
    <Filter Include="Header Files\Controllers">
      <UniqueIdentifier>{9504b7d5-2853-49ea-ba0b-8eabee77c656}</UniqueIdentifier>
    </Filter>
    <Filter Include="Source Files\Controllers">
      <UniqueIdentifier>{6280f4fe-0512-4565-94f9-66eca8996941}</UniqueIdentifier>
    </Filter>
    <Filter Include="Header Files\resources">
      <UniqueIdentifier>{f543489a-660f-436d-8d4d-31e09e5d9e5b}</UniqueIdentifier>
    </Filter>
    <Filter Include="Source Files\resources">
      <UniqueIdentifier>{eea9820a-f14c-4d87-9926-efc18a936de2}</UniqueIdentifier>
    </Filter>
    <Filter Include="Source Files\Entities">
      <UniqueIdentifier>{42abdd8c-0258-459c-9810-fa3318454f12}</UniqueIdentifier>
    </Filter>
    <Filter Include="Header Files\Entities">
      <UniqueIdentifier>{cb1d9b08-0c43-4533-849a-e3b6ec36c911}</UniqueIdentifier>
    </Filter>
    <Filter Include="Source Files\UI">
      <UniqueIdentifier>{edb022fb-ba58-4a1d-b4e9-7f44a5a2fef9}</UniqueIdentifier>
    </Filter>
    <Filter Include="Header Files\UI">
      <UniqueIdentifier>{d2bfce3b-fb66-4f63-95e5-f1df93e866e5}</UniqueIdentifier>
    </Filter>
    <Filter Include="Source Files\UI\Menus">
      <UniqueIdentifier>{4b059d86-3233-4b72-b316-1a7b90d6cf11}</UniqueIdentifier>
    </Filter>
    <Filter Include="Header Files\UI\Menus">
      <UniqueIdentifier>{1b53a655-6677-4886-9d23-c3c98a8b0339}</UniqueIdentifier>
    </Filter>
    <Filter Include="Source Files\world">
      <UniqueIdentifier>{4ad1a84e-af26-4c43-aba2-616d74042639}</UniqueIdentifier>
    </Filter>
    <Filter Include="Source Files\world\blocks">
      <UniqueIdentifier>{bacbff60-5680-4213-b994-5ad6aa5dd211}</UniqueIdentifier>
    </Filter>
    <Filter Include="Source Files\world\tiles">
      <UniqueIdentifier>{e4632885-2c13-4bc0-93d1-8edbf512bca8}</UniqueIdentifier>
    </Filter>
    <Filter Include="Header Files\world">
      <UniqueIdentifier>{3e1ac95d-3faa-4e42-ad3f-803fdbc99656}</UniqueIdentifier>
    </Filter>
    <Filter Include="Header Files\world\tile">
      <UniqueIdentifier>{2a75f110-adac-45c0-b289-dab27f3d3abb}</UniqueIdentifier>
    </Filter>
    <Filter Include="Header Files\world\block">
      <UniqueIdentifier>{7ebd283b-7764-4801-a361-043dc37f7035}</UniqueIdentifier>
    </Filter>
    <Filter Include="XML Files">
      <UniqueIdentifier>{8d51b322-069b-4346-9e0b-f09b8498ba8b}</UniqueIdentifier>
    </Filter>
    <Filter Include="Header Files\Entities\AI">
      <UniqueIdentifier>{7ee85cbb-fb2b-41a6-97c0-94dd2f179c1a}</UniqueIdentifier>
    </Filter>
    <Filter Include="Source Files\Entities\AI">
      <UniqueIdentifier>{7ba62906-1ede-4f35-9369-64e63cd039b0}</UniqueIdentifier>
    </Filter>
    <Filter Include="Header Files\Items">
      <UniqueIdentifier>{f4e97bb7-af53-410e-a663-4b7cf02126e4}</UniqueIdentifier>
    </Filter>
    <Filter Include="Source Files\Items">
      <UniqueIdentifier>{f5f580eb-d5a9-4c9f-a11d-8951dad0ba95}</UniqueIdentifier>
    </Filter>
    <Filter Include="Header Files\actions">
      <UniqueIdentifier>{77ac82f4-0004-4102-94dc-9cc42297d15f}</UniqueIdentifier>
    </Filter>
    <Filter Include="Source Files\actions">
      <UniqueIdentifier>{624bcfdf-8a6a-4b54-94f1-341daef5ecd6}</UniqueIdentifier>
    </Filter>
  </ItemGroup>
  <ItemGroup>
    <ClCompile Include="Main.cpp">
      <Filter>Source Files</Filter>
    </ClCompile>
    <ClCompile Include="entityController.cpp">
      <Filter>Source Files\Controllers</Filter>
    </ClCompile>
    <ClCompile Include="counter.cpp">
      <Filter>Source Files\resources</Filter>
    </ClCompile>
    <ClCompile Include="initializer.cpp">
      <Filter>Source Files\resources</Filter>
    </ClCompile>
    <ClCompile Include="render.cpp">
      <Filter>Source Files\resources</Filter>
    </ClCompile>
    <ClCompile Include="entity.cpp">
      <Filter>Source Files\Entities</Filter>
    </ClCompile>
    <ClCompile Include="game.cpp">
      <Filter>Source Files\resources</Filter>
    </ClCompile>
    <ClCompile Include="imageService.cpp">
      <Filter>Source Files\resources</Filter>
    </ClCompile>
    <ClCompile Include="tester.cpp">
      <Filter>Source Files</Filter>
    </ClCompile>
    <ClCompile Include="eventController.cpp">
      <Filter>Source Files\Controllers</Filter>
    </ClCompile>
    <ClCompile Include="netController.cpp">
      <Filter>Source Files\Controllers</Filter>
    </ClCompile>
    <ClCompile Include="UIController.cpp">
      <Filter>Source Files\Controllers</Filter>
    </ClCompile>
    <ClCompile Include="button.cpp">
      <Filter>Source Files\UI</Filter>
    </ClCompile>
    <ClCompile Include="collisionController.cpp">
      <Filter>Source Files\Controllers</Filter>
    </ClCompile>
    <ClCompile Include="slider.cpp">
      <Filter>Source Files\UI</Filter>
    </ClCompile>
    <ClCompile Include="splashMainMenu.cpp">
      <Filter>Source Files\UI\Menus</Filter>
    </ClCompile>
    <ClCompile Include="consoleController.cpp">
      <Filter>Source Files\Controllers</Filter>
    </ClCompile>
    <ClCompile Include="windowController.cpp">
      <Filter>Source Files\Controllers</Filter>
    </ClCompile>
    <ClCompile Include="windowRenderer.cpp">
      <Filter>Source Files\resources</Filter>
    </ClCompile>
    <ClCompile Include="console.cpp">
      <Filter>Source Files</Filter>
    </ClCompile>
    <ClCompile Include="worldController.cpp">
      <Filter>Source Files\Controllers</Filter>
    </ClCompile>
    <ClCompile Include="UIWindow.cpp">
      <Filter>Source Files\UI</Filter>
    </ClCompile>
    <ClCompile Include="tile.cpp">
      <Filter>Source Files\world\tiles</Filter>
    </ClCompile>
    <ClCompile Include="block.cpp">
      <Filter>Source Files\world\blocks</Filter>
    </ClCompile>
    <ClCompile Include="blockController.cpp">
      <Filter>Source Files\Controllers</Filter>
    </ClCompile>
    <ClCompile Include="tileController.cpp">
      <Filter>Source Files\Controllers</Filter>
    </ClCompile>
    <ClCompile Include="AIPackage.cpp">
      <Filter>Source Files\Entities\AI</Filter>
    </ClCompile>
    <ClCompile Include="keybindController.cpp">
      <Filter>Source Files\Controllers</Filter>
    </ClCompile>
    <ClCompile Include="keyBindAction.cpp">
      <Filter>Source Files\resources</Filter>
    </ClCompile>
    <ClCompile Include="AIController.cpp">
      <Filter>Source Files\Controllers</Filter>
    </ClCompile>
    <ClCompile Include="loginController.cpp">
      <Filter>Source Files\Controllers</Filter>
    </ClCompile>
    <ClCompile Include="loginNetController.cpp">
      <Filter>Source Files\Controllers</Filter>
    </ClCompile>
    <ClCompile Include="actionController.cpp">
      <Filter>Source Files\Controllers</Filter>
    </ClCompile>
    <ClCompile Include="menuHandler.cpp">
      <Filter>Source Files\UI\Menus</Filter>
    </ClCompile>
    <ClCompile Include="action.cpp">
      <Filter>Source Files\actions</Filter>
    </ClCompile>
    <ClCompile Include="escMenu.cpp">
      <Filter>Source Files\actions</Filter>
    </ClCompile>
  </ItemGroup>
  <ItemGroup>
    <ClInclude Include="entityController.h">
      <Filter>Header Files\Controllers</Filter>
    </ClInclude>
    <ClInclude Include="counter.h">
      <Filter>Header Files\resources</Filter>
    </ClInclude>
    <ClInclude Include="initializer.h">
      <Filter>Header Files\resources</Filter>
    </ClInclude>
    <ClInclude Include="render.h">
      <Filter>Header Files\resources</Filter>
    </ClInclude>
    <ClInclude Include="entity.h">
      <Filter>Header Files\Entities</Filter>
    </ClInclude>
    <ClInclude Include="game.h">
      <Filter>Header Files\resources</Filter>
    </ClInclude>
    <ClInclude Include="imageService.h">
      <Filter>Header Files\resources</Filter>
    </ClInclude>
    <ClInclude Include="eventController.h">
      <Filter>Header Files\Controllers</Filter>
    </ClInclude>
    <ClInclude Include="netController.h">
      <Filter>Header Files\Controllers</Filter>
    </ClInclude>
    <ClInclude Include="UIController.h">
      <Filter>Header Files\Controllers</Filter>
    </ClInclude>
    <ClInclude Include="collisionController.h">
      <Filter>Header Files\Controllers</Filter>
    </ClInclude>
    <ClInclude Include="slider.h">
      <Filter>Header Files\UI</Filter>
    </ClInclude>
    <ClInclude Include="button.h">
      <Filter>Header Files\UI</Filter>
    </ClInclude>
    <ClInclude Include="splashMainMenu.h">
      <Filter>Header Files\UI\Menus</Filter>
    </ClInclude>
    <ClInclude Include="menus.h">
      <Filter>Header Files\UI\Menus</Filter>
    </ClInclude>
    <ClInclude Include="windowController.h">
      <Filter>Header Files\Controllers</Filter>
    </ClInclude>
    <ClInclude Include="consoleController.h">
      <Filter>Header Files\Controllers</Filter>
    </ClInclude>
    <ClInclude Include="windowRenderer.h">
      <Filter>Header Files\resources</Filter>
    </ClInclude>
    <ClInclude Include="console.h">
      <Filter>Header Files</Filter>
    </ClInclude>
    <ClInclude Include="worldController.h">
      <Filter>Header Files\Controllers</Filter>
    </ClInclude>
    <ClInclude Include="UIWindow.h">
      <Filter>Header Files\UI</Filter>
    </ClInclude>
    <ClInclude Include="tile.h">
      <Filter>Header Files\world\tile</Filter>
    </ClInclude>
    <ClInclude Include="block.h">
      <Filter>Header Files\world\block</Filter>
    </ClInclude>
    <ClInclude Include="tileController.h">
      <Filter>Header Files\Controllers</Filter>
    </ClInclude>
    <ClInclude Include="tester.h">
      <Filter>Header Files</Filter>
    </ClInclude>
    <ClInclude Include="blockController.h">
      <Filter>Header Files\Controllers</Filter>
    </ClInclude>
    <ClInclude Include="keybindController.h">
      <Filter>Header Files\Controllers</Filter>
    </ClInclude>
    <ClInclude Include="AIPackage.h">
      <Filter>Header Files\Entities\AI</Filter>
    </ClInclude>
    <ClInclude Include="keyBindAction.h">
      <Filter>Header Files\resources</Filter>
    </ClInclude>
    <ClInclude Include="AIController.h">
      <Filter>Header Files\Controllers</Filter>
    </ClInclude>
    <ClInclude Include="loginController.h">
      <Filter>Header Files\Controllers</Filter>
    </ClInclude>
    <ClInclude Include="loginNetController.h">
      <Filter>Header Files\Controllers</Filter>
    </ClInclude>
    <ClInclude Include="actionController.h">
      <Filter>Header Files\Controllers</Filter>
    </ClInclude>
    <ClInclude Include="menuHandler.h">
      <Filter>Header Files\UI\Menus</Filter>
    </ClInclude>
    <ClInclude Include="action.h">
      <Filter>Header Files\actions</Filter>
    </ClInclude>
    <ClInclude Include="escMenu.h">
      <Filter>Header Files\actions</Filter>
    </ClInclude>
  </ItemGroup>
  <ItemGroup>
    <None Include="ClassDiagram.cd" />
  </ItemGroup>
</Project>